
Microsoft Visual Studio Solution File, Format Version 12.00
# Visual Studio 14
VisualStudioVersion = 14.0.25420.1
MinimumVisualStudioVersion = 10.0.40219.1
Project("{FAE04EC0-301F-11D3-BF4B-00C04F79EFBC}") = "AdvancedWorld", "AdvancedWorld\AdvancedWorld.csproj", "{2E99D528-4837-424A-B3A0-D1B545C10449}"
EndProject
Project("{FAE04EC0-301F-11D3-BF4B-00C04F79EFBC}") = "AdvancedWorldTests", "AdvancedWorldTests\AdvancedWorldTests.csproj", "{8B2C29BA-809D-40E5-AE2C-B5E97E90F79F}"
EndProject
Global
	GlobalSection(SolutionConfigurationPlatforms) = preSolution
		Debug|Any CPU = Debug|Any CPU
		Release|Any CPU = Release|Any CPU
	EndGlobalSection
	GlobalSection(ProjectConfigurationPlatforms) = postSolution
		{2E99D528-4837-424A-B3A0-D1B545C10449}.Debug|Any CPU.ActiveCfg = Debug|Any CPU
		{2E99D528-4837-424A-B3A0-D1B545C10449}.Debug|Any CPU.Build.0 = Debug|Any CPU
		{2E99D528-4837-424A-B3A0-D1B545C10449}.Release|Any CPU.ActiveCfg = Release|Any CPU
		{2E99D528-4837-424A-B3A0-D1B545C10449}.Release|Any CPU.Build.0 = Release|Any CPU
		{8B2C29BA-809D-40E5-AE2C-B5E97E90F79F}.Debug|Any CPU.ActiveCfg = Debug|Any CPU
		{8B2C29BA-809D-40E5-AE2C-B5E97E90F79F}.Debug|Any CPU.Build.0 = Debug|Any CPU
		{8B2C29BA-809D-40E5-AE2C-B5E97E90F79F}.Release|Any CPU.ActiveCfg = Release|Any CPU
		{8B2C29BA-809D-40E5-AE2C-B5E97E90F79F}.Release|Any CPU.Build.0 = Release|Any CPU
	EndGlobalSection
	GlobalSection(SolutionProperties) = preSolution
		HideSolutionNode = FALSE
	EndGlobalSection
EndGlobal
